
Microsoft Visual Studio Solution File, Format Version 12.00
# Visual Studio Version 17
VisualStudioVersion = 17.9.34728.123
MinimumVisualStudioVersion = 10.0.40219.1
Project("{FAE04EC0-301F-11D3-BF4B-00C04F79EFBC}") = "ExampleCW", "ExampleCW\ExampleCW.csproj", "{A2D73BC3-06BD-4984-8393-3083CD98F346}"
EndProject
Global
	GlobalSection(SolutionConfigurationPlatforms) = preSolution
		Debug|Any CPU = Debug|Any CPU
		Release|Any CPU = Release|Any CPU
	EndGlobalSection
	GlobalSection(ProjectConfigurationPlatforms) = postSolution
		{A2D73BC3-06BD-4984-8393-3083CD98F346}.Debug|Any CPU.ActiveCfg = Debug|Any CPU
		{A2D73BC3-06BD-4984-8393-3083CD98F346}.Debug|Any CPU.Build.0 = Debug|Any CPU
		{A2D73BC3-06BD-4984-8393-3083CD98F346}.Release|Any CPU.ActiveCfg = Release|Any CPU
		{A2D73BC3-06BD-4984-8393-3083CD98F346}.Release|Any CPU.Build.0 = Release|Any CPU
	EndGlobalSection
	GlobalSection(SolutionProperties) = preSolution
		HideSolutionNode = FALSE
	EndGlobalSection
	GlobalSection(ExtensibilityGlobals) = postSolution
		SolutionGuid = {C5F715B3-A89D-486E-850A-C24F16079AEE}
	EndGlobalSection
EndGlobal
